# This file is automatically @generated by Poetry 1.7.0 and should not be changed by hand.

[[package]]
name = "cairocffi"
version = "1.6.1"
description = "cffi-based cairo bindings for Python"
optional = false
python-versions = ">=3.7"
files = [
    {file = "cairocffi-1.6.1-py3-none-any.whl", hash = "sha256:aa78ee52b9069d7475eeac457389b6275aa92111895d78fbaa2202a52dac112e"},
    {file = "cairocffi-1.6.1.tar.gz", hash = "sha256:78e6bbe47357640c453d0be929fa49cd05cce2e1286f3d2a1ca9cbda7efdb8b7"},
]

[package.dependencies]
cffi = ">=1.1.0"

[package.extras]
doc = ["sphinx", "sphinx_rtd_theme"]
test = ["flake8", "isort", "numpy", "pikepdf", "pytest"]
xcb = ["xcffib (>=1.4.0)"]

[[package]]
name = "cffi"
version = "1.16.0"
description = "Foreign Function Interface for Python calling C code."
optional = false
python-versions = ">=3.8"
files = [
    {file = "cffi-1.16.0-cp310-cp310-macosx_10_9_x86_64.whl", hash = "sha256:6b3d6606d369fc1da4fd8c357d026317fbb9c9b75d36dc16e90e84c26854b088"},
    {file = "cffi-1.16.0-cp310-cp310-macosx_11_0_arm64.whl", hash = "sha256:ac0f5edd2360eea2f1daa9e26a41db02dd4b0451b48f7c318e217ee092a213e9"},
    {file = "cffi-1.16.0-cp310-cp310-manylinux_2_12_i686.manylinux2010_i686.manylinux_2_17_i686.manylinux2014_i686.whl", hash = "sha256:7e61e3e4fa664a8588aa25c883eab612a188c725755afff6289454d6362b9673"},
    {file = "cffi-1.16.0-cp310-cp310-manylinux_2_17_aarch64.manylinux2014_aarch64.whl", hash = "sha256:a72e8961a86d19bdb45851d8f1f08b041ea37d2bd8d4fd19903bc3083d80c896"},
    {file = "cffi-1.16.0-cp310-cp310-manylinux_2_17_ppc64le.manylinux2014_ppc64le.whl", hash = "sha256:5b50bf3f55561dac5438f8e70bfcdfd74543fd60df5fa5f62d94e5867deca684"},
    {file = "cffi-1.16.0-cp310-cp310-manylinux_2_17_s390x.manylinux2014_s390x.whl", hash = "sha256:7651c50c8c5ef7bdb41108b7b8c5a83013bfaa8a935590c5d74627c047a583c7"},
    {file = "cffi-1.16.0-cp310-cp310-manylinux_2_17_x86_64.manylinux2014_x86_64.whl", hash = "sha256:e4108df7fe9b707191e55f33efbcb2d81928e10cea45527879a4749cbe472614"},
    {file = "cffi-1.16.0-cp310-cp310-musllinux_1_1_i686.whl", hash = "sha256:32c68ef735dbe5857c810328cb2481e24722a59a2003018885514d4c09af9743"},
    {file = "cffi-1.16.0-cp310-cp310-musllinux_1_1_x86_64.whl", hash = "sha256:673739cb539f8cdaa07d92d02efa93c9ccf87e345b9a0b556e3ecc666718468d"},
    {file = "cffi-1.16.0-cp310-cp310-win32.whl", hash = "sha256:9f90389693731ff1f659e55c7d1640e2ec43ff725cc61b04b2f9c6d8d017df6a"},
    {file = "cffi-1.16.0-cp310-cp310-win_amd64.whl", hash = "sha256:e6024675e67af929088fda399b2094574609396b1decb609c55fa58b028a32a1"},
    {file = "cffi-1.16.0-cp311-cp311-macosx_10_9_x86_64.whl", hash = "sha256:b84834d0cf97e7d27dd5b7f3aca7b6e9263c56308ab9dc8aae9784abb774d404"},
    {file = "cffi-1.16.0-cp311-cp311-macosx_11_0_arm64.whl", hash = "sha256:1b8ebc27c014c59692bb2664c7d13ce7a6e9a629be20e54e7271fa696ff2b417"},
    {file = "cffi-1.16.0-cp311-cp311-manylinux_2_12_i686.manylinux2010_i686.manylinux_2_17_i686.manylinux2014_i686.whl", hash = "sha256:ee07e47c12890ef248766a6e55bd38ebfb2bb8edd4142d56db91b21ea68b7627"},
    {file = "cffi-1.16.0-cp311-cp311-manylinux_2_17_aarch64.manylinux2014_aarch64.whl", hash = "sha256:d8a9d3ebe49f084ad71f9269834ceccbf398253c9fac910c4fd7053ff1386936"},
    {file = "cffi-1.16.0-cp311-cp311-manylinux_2_17_ppc64le.manylinux2014_ppc64le.whl", hash = "sha256:e70f54f1796669ef691ca07d046cd81a29cb4deb1e5f942003f401c0c4a2695d"},
    {file = "cffi-1.16.0-cp311-cp311-manylinux_2_17_s390x.manylinux2014_s390x.whl", hash = "sha256:5bf44d66cdf9e893637896c7faa22298baebcd18d1ddb6d2626a6e39793a1d56"},
    {file = "cffi-1.16.0-cp311-cp311-manylinux_2_17_x86_64.manylinux2014_x86_64.whl", hash = "sha256:7b78010e7b97fef4bee1e896df8a4bbb6712b7f05b7ef630f9d1da00f6444d2e"},
    {file = "cffi-1.16.0-cp311-cp311-musllinux_1_1_i686.whl", hash = "sha256:c6a164aa47843fb1b01e941d385aab7215563bb8816d80ff3a363a9f8448a8dc"},
    {file = "cffi-1.16.0-cp311-cp311-musllinux_1_1_x86_64.whl", hash = "sha256:e09f3ff613345df5e8c3667da1d918f9149bd623cd9070c983c013792a9a62eb"},
    {file = "cffi-1.16.0-cp311-cp311-win32.whl", hash = "sha256:2c56b361916f390cd758a57f2e16233eb4f64bcbeee88a4881ea90fca14dc6ab"},
    {file = "cffi-1.16.0-cp311-cp311-win_amd64.whl", hash = "sha256:db8e577c19c0fda0beb7e0d4e09e0ba74b1e4c092e0e40bfa12fe05b6f6d75ba"},
    {file = "cffi-1.16.0-cp312-cp312-macosx_10_9_x86_64.whl", hash = "sha256:fa3a0128b152627161ce47201262d3140edb5a5c3da88d73a1b790a959126956"},
    {file = "cffi-1.16.0-cp312-cp312-macosx_11_0_arm64.whl", hash = "sha256:68e7c44931cc171c54ccb702482e9fc723192e88d25a0e133edd7aff8fcd1f6e"},
    {file = "cffi-1.16.0-cp312-cp312-manylinux_2_12_i686.manylinux2010_i686.manylinux_2_17_i686.manylinux2014_i686.whl", hash = "sha256:abd808f9c129ba2beda4cfc53bde801e5bcf9d6e0f22f095e45327c038bfe68e"},
    {file = "cffi-1.16.0-cp312-cp312-manylinux_2_17_aarch64.manylinux2014_aarch64.whl", hash = "sha256:88e2b3c14bdb32e440be531ade29d3c50a1a59cd4e51b1dd8b0865c54ea5d2e2"},
    {file = "cffi-1.16.0-cp312-cp312-manylinux_2_17_ppc64le.manylinux2014_ppc64le.whl", hash = "sha256:fcc8eb6d5902bb1cf6dc4f187ee3ea80a1eba0a89aba40a5cb20a5087d961357"},
    {file = "cffi-1.16.0-cp312-cp312-manylinux_2_17_s390x.manylinux2014_s390x.whl", hash = "sha256:b7be2d771cdba2942e13215c4e340bfd76398e9227ad10402a8767ab1865d2e6"},
    {file = "cffi-1.16.0-cp312-cp312-manylinux_2_17_x86_64.manylinux2014_x86_64.whl", hash = "sha256:e715596e683d2ce000574bae5d07bd522c781a822866c20495e52520564f0969"},
    {file = "cffi-1.16.0-cp312-cp312-musllinux_1_1_x86_64.whl", hash = "sha256:2d92b25dbf6cae33f65005baf472d2c245c050b1ce709cc4588cdcdd5495b520"},
    {file = "cffi-1.16.0-cp312-cp312-win32.whl", hash = "sha256:b2ca4e77f9f47c55c194982e10f058db063937845bb2b7a86c84a6cfe0aefa8b"},
    {file = "cffi-1.16.0-cp312-cp312-win_amd64.whl", hash = "sha256:68678abf380b42ce21a5f2abde8efee05c114c2fdb2e9eef2efdb0257fba1235"},
    {file = "cffi-1.16.0-cp38-cp38-macosx_10_9_x86_64.whl", hash = "sha256:0c9ef6ff37e974b73c25eecc13952c55bceed9112be2d9d938ded8e856138bcc"},
    {file = "cffi-1.16.0-cp38-cp38-manylinux_2_12_i686.manylinux2010_i686.manylinux_2_17_i686.manylinux2014_i686.whl", hash = "sha256:a09582f178759ee8128d9270cd1344154fd473bb77d94ce0aeb2a93ebf0feaf0"},
    {file = "cffi-1.16.0-cp38-cp38-manylinux_2_17_aarch64.manylinux2014_aarch64.whl", hash = "sha256:e760191dd42581e023a68b758769e2da259b5d52e3103c6060ddc02c9edb8d7b"},
    {file = "cffi-1.16.0-cp38-cp38-manylinux_2_17_ppc64le.manylinux2014_ppc64le.whl", hash = "sha256:80876338e19c951fdfed6198e70bc88f1c9758b94578d5a7c4c91a87af3cf31c"},
    {file = "cffi-1.16.0-cp38-cp38-manylinux_2_17_s390x.manylinux2014_s390x.whl", hash = "sha256:a6a14b17d7e17fa0d207ac08642c8820f84f25ce17a442fd15e27ea18d67c59b"},
    {file = "cffi-1.16.0-cp38-cp38-manylinux_2_17_x86_64.manylinux2014_x86_64.whl", hash = "sha256:6602bc8dc6f3a9e02b6c22c4fc1e47aa50f8f8e6d3f78a5e16ac33ef5fefa324"},
    {file = "cffi-1.16.0-cp38-cp38-win32.whl", hash = "sha256:131fd094d1065b19540c3d72594260f118b231090295d8c34e19a7bbcf2e860a"},
    {file = "cffi-1.16.0-cp38-cp38-win_amd64.whl", hash = "sha256:31d13b0f99e0836b7ff893d37af07366ebc90b678b6664c955b54561fc36ef36"},
    {file = "cffi-1.16.0-cp39-cp39-macosx_10_9_x86_64.whl", hash = "sha256:582215a0e9adbe0e379761260553ba11c58943e4bbe9c36430c4ca6ac74b15ed"},
    {file = "cffi-1.16.0-cp39-cp39-macosx_11_0_arm64.whl", hash = "sha256:b29ebffcf550f9da55bec9e02ad430c992a87e5f512cd63388abb76f1036d8d2"},
    {file = "cffi-1.16.0-cp39-cp39-manylinux_2_12_i686.manylinux2010_i686.manylinux_2_17_i686.manylinux2014_i686.whl", hash = "sha256:dc9b18bf40cc75f66f40a7379f6a9513244fe33c0e8aa72e2d56b0196a7ef872"},
    {file = "cffi-1.16.0-cp39-cp39-manylinux_2_17_aarch64.manylinux2014_aarch64.whl", hash = "sha256:9cb4a35b3642fc5c005a6755a5d17c6c8b6bcb6981baf81cea8bfbc8903e8ba8"},
    {file = "cffi-1.16.0-cp39-cp39-manylinux_2_17_ppc64le.manylinux2014_ppc64le.whl", hash = "sha256:b86851a328eedc692acf81fb05444bdf1891747c25af7529e39ddafaf68a4f3f"},
    {file = "cffi-1.16.0-cp39-cp39-manylinux_2_17_s390x.manylinux2014_s390x.whl", hash = "sha256:c0f31130ebc2d37cdd8e44605fb5fa7ad59049298b3f745c74fa74c62fbfcfc4"},
    {file = "cffi-1.16.0-cp39-cp39-manylinux_2_17_x86_64.manylinux2014_x86_64.whl", hash = "sha256:8f8e709127c6c77446a8c0a8c8bf3c8ee706a06cd44b1e827c3e6a2ee6b8c098"},
    {file = "cffi-1.16.0-cp39-cp39-musllinux_1_1_i686.whl", hash = "sha256:748dcd1e3d3d7cd5443ef03ce8685043294ad6bd7c02a38d1bd367cfd968e000"},
    {file = "cffi-1.16.0-cp39-cp39-musllinux_1_1_x86_64.whl", hash = "sha256:8895613bcc094d4a1b2dbe179d88d7fb4a15cee43c052e8885783fac397d91fe"},
    {file = "cffi-1.16.0-cp39-cp39-win32.whl", hash = "sha256:ed86a35631f7bfbb28e108dd96773b9d5a6ce4811cf6ea468bb6a359b256b1e4"},
    {file = "cffi-1.16.0-cp39-cp39-win_amd64.whl", hash = "sha256:3686dffb02459559c74dd3d81748269ffb0eb027c39a6fc99502de37d501faa8"},
    {file = "cffi-1.16.0.tar.gz", hash = "sha256:bcb3ef43e58665bbda2fb198698fcae6776483e0c4a631aa5647806c25e02cc0"},
]

[package.dependencies]
pycparser = "*"

[[package]]
name = "glcontext"
version = "2.5.0"
description = "Portable OpenGL Context"
optional = false
python-versions = "*"
files = [
    {file = "glcontext-2.5.0-cp310-cp310-macosx_10_9_x86_64.whl", hash = "sha256:3e0f3fbbe483f3e671ae04698a2d38234cb9a5682d2edd49d5bce08a32d48ff1"},
    {file = "glcontext-2.5.0-cp310-cp310-manylinux_2_5_i686.manylinux1_i686.manylinux_2_17_i686.manylinux2014_i686.whl", hash = "sha256:837ae9ed985dc8185b7f7ac62bc2727d58806f1eb125b3766f576a3957aa078b"},
    {file = "glcontext-2.5.0-cp310-cp310-manylinux_2_5_x86_64.manylinux1_x86_64.manylinux_2_17_x86_64.manylinux2014_x86_64.whl", hash = "sha256:5c056bfbc4af86337837fbea0899b1c439673b9e2bf9aaaf78862cb68ccaeb41"},
    {file = "glcontext-2.5.0-cp310-cp310-musllinux_1_1_i686.whl", hash = "sha256:198d6f80a271668995f595492b7cde0e7f354e927398d85c20976a7eaf18742b"},
    {file = "glcontext-2.5.0-cp310-cp310-musllinux_1_1_x86_64.whl", hash = "sha256:f435118eabef929e5281bf609eeaae343a0d3f7e34c2a4b0f026451f63a8baab"},
    {file = "glcontext-2.5.0-cp310-cp310-win32.whl", hash = "sha256:9ac01ea37deb27cc53a15eb9a8ec30389cd5421c668842e0197360a502448e11"},
    {file = "glcontext-2.5.0-cp310-cp310-win_amd64.whl", hash = "sha256:194b2657f46310cd86662d946d85162710b43e4abbef800c83a61f44b09352ad"},
    {file = "glcontext-2.5.0-cp311-cp311-macosx_10_9_x86_64.whl", hash = "sha256:798bc74604e306386f858be11aa1fe47c88296ac6fb9b5718a1c5a4cfb24416c"},
    {file = "glcontext-2.5.0-cp311-cp311-manylinux_2_5_i686.manylinux1_i686.manylinux_2_17_i686.manylinux2014_i686.whl", hash = "sha256:c36383ef0f21a179cfd7d6907eb04d7736b724a231a7199edec194528c986b0c"},
    {file = "glcontext-2.5.0-cp311-cp311-manylinux_2_5_x86_64.manylinux1_x86_64.manylinux_2_17_x86_64.manylinux2014_x86_64.whl", hash = "sha256:25da4a8a8707f88e66d1597c5f03be31b354b6d6186907ad06b4735f981aa25e"},
    {file = "glcontext-2.5.0-cp311-cp311-musllinux_1_1_i686.whl", hash = "sha256:6abae09cadd947c9b3e39c424517eb76e4d6caeca9415c44b290f3425ffb51da"},
    {file = "glcontext-2.5.0-cp311-cp311-musllinux_1_1_x86_64.whl", hash = "sha256:be62e4ce64c7f72730fccbb09efb37b3aad4e54b6f547b18161233c2a9bf9fc2"},
    {file = "glcontext-2.5.0-cp311-cp311-win32.whl", hash = "sha256:a4441744dadf811f923ab2aff52ba2dc175b6f99bcc208e362399461c96c085f"},
    {file = "glcontext-2.5.0-cp311-cp311-win_amd64.whl", hash = "sha256:7d50c62fae0af1b19daa95571d52a5c56f3f1537483f105b4d092be5eb160c9d"},
    {file = "glcontext-2.5.0-cp312-cp312-macosx_10_9_x86_64.whl", hash = "sha256:cc2a13791007d18b71fc9eccd3423be0a3d5c16b8d1ac4410767665a9824cc21"},
    {file = "glcontext-2.5.0-cp312-cp312-manylinux_2_5_i686.manylinux1_i686.manylinux_2_17_i686.manylinux2014_i686.whl", hash = "sha256:cbe2684a689cc77e659e90254dcd897af773ddda43308196c7db889d8558f9d1"},
    {file = "glcontext-2.5.0-cp312-cp312-manylinux_2_5_x86_64.manylinux1_x86_64.manylinux_2_17_x86_64.manylinux2014_x86_64.whl", hash = "sha256:bd0f159c01dfaab990fedb9672f4be040ae7fe066afb2ce7413c63afa9475f38"},
    {file = "glcontext-2.5.0-cp312-cp312-musllinux_1_1_i686.whl", hash = "sha256:7669583276cc2b4e38b1f62f5d10afdde518ffd5ff6ccfabf22157e081a0abe6"},
    {file = "glcontext-2.5.0-cp312-cp312-musllinux_1_1_x86_64.whl", hash = "sha256:74530549706fabbaecab437102c9d490adba8e27e4ca01bb9ce0050b0d558ff9"},
    {file = "glcontext-2.5.0-cp312-cp312-win32.whl", hash = "sha256:762ee1231f1c5896c527ce29c76921e4868a9f21b0f305b048516a479fe500bf"},
    {file = "glcontext-2.5.0-cp312-cp312-win_amd64.whl", hash = "sha256:942486de098c035dad9165e4cb6ad6342edb8c98b11ee5cdfe97088c7c6840aa"},
    {file = "glcontext-2.5.0-cp36-cp36m-macosx_10_9_x86_64.whl", hash = "sha256:9519f31c464cf1ab1232411e8700829d5bad1fb79470fde99d0aa25296cd4ec7"},
    {file = "glcontext-2.5.0-cp36-cp36m-manylinux_2_5_i686.manylinux1_i686.manylinux_2_17_i686.manylinux2014_i686.whl", hash = "sha256:fb33a0e3d2d7a1c3f51652489ed4d1ad16fa71ca1452bf4f983f14446d062592"},
    {file = "glcontext-2.5.0-cp36-cp36m-manylinux_2_5_x86_64.manylinux1_x86_64.manylinux_2_17_x86_64.manylinux2014_x86_64.whl", hash = "sha256:ab8dd3d2ea53ce6735dd9915d69572b7dd001f7fe2d35d362182e69b923193e4"},
    {file = "glcontext-2.5.0-cp36-cp36m-musllinux_1_1_i686.whl", hash = "sha256:ec64bc8a6cdfb51c91c601b0d82744bfa85637fe6259f3587f73d67b5d124937"},
    {file = "glcontext-2.5.0-cp36-cp36m-musllinux_1_1_x86_64.whl", hash = "sha256:0e9c890c0fee8ff5c5ec356b0382093e8519a8bdf99ba5ced9f2ac641a37d4ec"},
    {file = "glcontext-2.5.0-cp36-cp36m-win32.whl", hash = "sha256:41a3fa100962ac8733835dd15163e102d165bf65d9247b98e5bcbaa90e94666d"},
    {file = "glcontext-2.5.0-cp36-cp36m-win_amd64.whl", hash = "sha256:73828d76e764f9d22704dd0304f27ec6af18cb075de0df201a23f1456d2b502e"},
    {file = "glcontext-2.5.0-cp37-cp37m-macosx_10_9_x86_64.whl", hash = "sha256:f10a15975c1798bbe4f2d783e1b9c0e32f0dbdc7829a73dce21efb3ee1e24867"},
    {file = "glcontext-2.5.0-cp37-cp37m-manylinux_2_5_i686.manylinux1_i686.manylinux_2_17_i686.manylinux2014_i686.whl", hash = "sha256:23700a43c3ced889d8ac18cb7902a76096634761f87d8139ca956bcadc3feabd"},
    {file = "glcontext-2.5.0-cp37-cp37m-manylinux_2_5_x86_64.manylinux1_x86_64.manylinux_2_17_x86_64.manylinux2014_x86_64.whl", hash = "sha256:b95675cd7c16249fde2ea9690c8b2bd39a551b67e9929eeecfdbcbc82d9c6fc4"},
    {file = "glcontext-2.5.0-cp37-cp37m-musllinux_1_1_i686.whl", hash = "sha256:efc8a1ec7f6cdc205515e2e4e6ba0a02c2f7207a1340cce80960d63002785405"},
    {file = "glcontext-2.5.0-cp37-cp37m-musllinux_1_1_x86_64.whl", hash = "sha256:464f2296474ec07318466f2381748c8259c8a587c5fcd6485ad53bbe1702363b"},
    {file = "glcontext-2.5.0-cp37-cp37m-win32.whl", hash = "sha256:352cf17ade6ea429bd548384ea715024124bb83fdbf3ea06f69f53b6a9e3111f"},
    {file = "glcontext-2.5.0-cp37-cp37m-win_amd64.whl", hash = "sha256:9cacc6b068f74f789729dc0512611b6889a95cf6f2ff4c90aea1f741010e0d7a"},
    {file = "glcontext-2.5.0-cp38-cp38-macosx_10_9_x86_64.whl", hash = "sha256:1204fe22c96d9b36299fac20de7d9319e018e80770964e3d71375853d1b5373d"},
    {file = "glcontext-2.5.0-cp38-cp38-manylinux_2_5_i686.manylinux1_i686.manylinux_2_17_i686.manylinux2014_i686.whl", hash = "sha256:54e9f848ad21a471e970a0e1eedd3b85025821a0d3c4d63d09d2b97f1a7280b8"},
    {file = "glcontext-2.5.0-cp38-cp38-manylinux_2_5_x86_64.manylinux1_x86_64.manylinux_2_17_x86_64.manylinux2014_x86_64.whl", hash = "sha256:f3a8e3022da94316a4bb44e064d85e4b05c13f9eef6e68f6395644122a362ec0"},
    {file = "glcontext-2.5.0-cp38-cp38-musllinux_1_1_i686.whl", hash = "sha256:73c289fdfce7e8b736034f75e206be8bcc6144d132e910c816e33d2419b984b7"},
    {file = "glcontext-2.5.0-cp38-cp38-musllinux_1_1_x86_64.whl", hash = "sha256:47dc72cb63f35523f0fa6a27fcb819c3aa19e96c01a2ee8594132ffa834fab18"},
    {file = "glcontext-2.5.0-cp38-cp38-win32.whl", hash = "sha256:2f71d800e8d720fa52aeeebf22d066c17528d756234e586d48b8c82b2fd65372"},
    {file = "glcontext-2.5.0-cp38-cp38-win_amd64.whl", hash = "sha256:3ba303e28a54491cd49caa6f0626b3f1992160ca1d82c2347ce30c50a16ee9b6"},
    {file = "glcontext-2.5.0-cp39-cp39-macosx_10_9_x86_64.whl", hash = "sha256:bf968a827c04d5210afc2a84d825719fa3025fd9def4aea4820e75a607d09ccf"},
    {file = "glcontext-2.5.0-cp39-cp39-manylinux_2_5_i686.manylinux1_i686.manylinux_2_17_i686.manylinux2014_i686.whl", hash = "sha256:586778f6d476f34b8ddbb99d77b65cb7126cd3f501a2cb1e6e12f0bc997ca9b8"},
    {file = "glcontext-2.5.0-cp39-cp39-manylinux_2_5_x86_64.manylinux1_x86_64.manylinux_2_17_x86_64.manylinux2014_x86_64.whl", hash = "sha256:675091975c2bf8b59e9c41d1daa6684006162c3cf3d9e2a1acda31b35181d9d2"},
    {file = "glcontext-2.5.0-cp39-cp39-musllinux_1_1_i686.whl", hash = "sha256:cf928dfbed4fceb3a816452828e8745e46b8348869c0fdda312f6c73f0796906"},
    {file = "glcontext-2.5.0-cp39-cp39-musllinux_1_1_x86_64.whl", hash = "sha256:1aee2105c66d1a5470d2c2de7d80977c67ee2b2cf4db6fa2b3dcbd586b888b51"},
    {file = "glcontext-2.5.0-cp39-cp39-win32.whl", hash = "sha256:b1200d841b7a1ef1051fafe6aad6a472c784bc4fb906375160b0efa7d7acae71"},
    {file = "glcontext-2.5.0-cp39-cp39-win_amd64.whl", hash = "sha256:7a7962f89350966966a4a5628fd4861a81dc4f76014571567a54db4c1573e04d"},
    {file = "glcontext-2.5.0-pp310-pypy310_pp73-macosx_10_9_x86_64.whl", hash = "sha256:9eee5426fad207fb1c572ee7e4b8341ee8f6529189f06cbd32b132ee4de31a8e"},
    {file = "glcontext-2.5.0-pp310-pypy310_pp73-manylinux_2_5_i686.manylinux1_i686.manylinux_2_17_i686.manylinux2014_i686.whl", hash = "sha256:433e14a9c3d368c51940a480d4f548b671ad339d5efa0604bd0d5236fae4e564"},
    {file = "glcontext-2.5.0-pp310-pypy310_pp73-manylinux_2_5_x86_64.manylinux1_x86_64.manylinux_2_17_x86_64.manylinux2014_x86_64.whl", hash = "sha256:2342642732609c7cb3d681771e096fe769df58e49bdb3348bfc9f5732103c444"},
    {file = "glcontext-2.5.0-pp310-pypy310_pp73-win_amd64.whl", hash = "sha256:16057bf3736f38005a7f700188a50de597cd86650d6718a115bd835d69ba554b"},
    {file = "glcontext-2.5.0-pp37-pypy37_pp73-macosx_10_9_x86_64.whl", hash = "sha256:8ba64f9c14009132625b7b1f1b8545298c6ddd1d3abc78618b0f9553c219d053"},
    {file = "glcontext-2.5.0-pp37-pypy37_pp73-manylinux_2_5_i686.manylinux1_i686.manylinux_2_17_i686.manylinux2014_i686.whl", hash = "sha256:811276496f46f3f9b204e43a9d35c6213f1f0a8e58d8da203d477e21e8367fc0"},
    {file = "glcontext-2.5.0-pp37-pypy37_pp73-manylinux_2_5_x86_64.manylinux1_x86_64.manylinux_2_17_x86_64.manylinux2014_x86_64.whl", hash = "sha256:fe0be5cf5a9598379e994d7d96d84ce506e6a7680a098c1f1112de7aaa036ebd"},
    {file = "glcontext-2.5.0-pp37-pypy37_pp73-win_amd64.whl", hash = "sha256:1914d44374d7ee94df779681218639324ab79b3b8e27e8fb6154a8db55e3928e"},
    {file = "glcontext-2.5.0-pp38-pypy38_pp73-macosx_10_9_x86_64.whl", hash = "sha256:916fa56a544f57ff3d53cc60d3d1f0da66c67e6cf5092e3d7ef8bbaedd47a266"},
    {file = "glcontext-2.5.0-pp38-pypy38_pp73-manylinux_2_5_i686.manylinux1_i686.manylinux_2_17_i686.manylinux2014_i686.whl", hash = "sha256:1abdc499c59e4a1dd59e321151171ecb583f3fac07af428c47a8b8e3ce5ff5bf"},
    {file = "glcontext-2.5.0-pp38-pypy38_pp73-manylinux_2_5_x86_64.manylinux1_x86_64.manylinux_2_17_x86_64.manylinux2014_x86_64.whl", hash = "sha256:c73882865f3daf8a02fae1486c933146dc2f1bb8de3be26907b145523df4afc1"},
    {file = "glcontext-2.5.0-pp38-pypy38_pp73-win_amd64.whl", hash = "sha256:136ab0d4f966adc7a2f397e8f17debf3da18afb4b5b8684db59ea9c9452fe2f6"},
    {file = "glcontext-2.5.0-pp39-pypy39_pp73-macosx_10_9_x86_64.whl", hash = "sha256:95e6805475552254d9e1a65c2433c150e364da0081dcc6fa79d90bf74665384b"},
    {file = "glcontext-2.5.0-pp39-pypy39_pp73-manylinux_2_5_i686.manylinux1_i686.manylinux_2_17_i686.manylinux2014_i686.whl", hash = "sha256:60343a07fd30c024c6889687d10524c4b9f321c3991666e6c23eb0e695f60ae1"},
    {file = "glcontext-2.5.0-pp39-pypy39_pp73-manylinux_2_5_x86_64.manylinux1_x86_64.manylinux_2_17_x86_64.manylinux2014_x86_64.whl", hash = "sha256:0e7db3961200f3cf607ac68eb0df0640e5d538f1c029c6d9433722ee04f37960"},
    {file = "glcontext-2.5.0-pp39-pypy39_pp73-win_amd64.whl", hash = "sha256:7017ac46784adce071cdcda5e3ce07523bbc10186c0c9cc3120aba91f0633817"},
    {file = "glcontext-2.5.0.tar.gz", hash = "sha256:0f70d4be0cdd2b532a16da76c8f786b6367754a4086aaadffdbf3e37badbad02"},
]

[[package]]
name = "igraph"
version = "0.11.2"
description = "High performance graph data structures and algorithms"
optional = false
python-versions = ">=3.8"
files = [
    {file = "igraph-0.11.2-cp38-cp38-macosx_10_9_x86_64.whl", hash = "sha256:3344543410a2d55b7d8dfd60abe7cce95089abf7576ddd4eb17ff99473ee413e"},
    {file = "igraph-0.11.2-cp38-cp38-macosx_11_0_arm64.whl", hash = "sha256:edec6a73c14b1099961969ed7fc6642802ace7d70e5b41f8f2de1a2f9cca833d"},
    {file = "igraph-0.11.2-cp38-cp38-manylinux_2_17_aarch64.manylinux2014_aarch64.whl", hash = "sha256:1f3baf3e4abb27125ed82d6da2aadde25e7ab580c51eb630a3e8f85f1ce39f65"},
    {file = "igraph-0.11.2-cp38-cp38-manylinux_2_17_i686.manylinux2014_i686.whl", hash = "sha256:aad2a0a25ad4b3e1afc0ef68395734d81b84b04a83a118297553e5ead34ae540"},
    {file = "igraph-0.11.2-cp38-cp38-manylinux_2_17_x86_64.manylinux2014_x86_64.whl", hash = "sha256:0cf1b66282ce16c78224b47609e56d2beff653c6f2f8e671c738a2d2b2c4ca82"},
    {file = "igraph-0.11.2-cp38-cp38-musllinux_1_1_aarch64.whl", hash = "sha256:bb3c9fef331658eb739048ede9245b282a32273ee1e27afa89edd45432542c81"},
    {file = "igraph-0.11.2-cp38-cp38-musllinux_1_1_i686.whl", hash = "sha256:56547c7ab6edcec28899fec45d097db3c2b96f3056ba773b7cb6429c121ac157"},
    {file = "igraph-0.11.2-cp38-cp38-musllinux_1_1_x86_64.whl", hash = "sha256:b7dd6b53fa54313dc9e1c115a5cdef6ec9f093a26e688b08d16b62df81c65cae"},
    {file = "igraph-0.11.2-cp38-cp38-win32.whl", hash = "sha256:e0750bf2bb652b75ec931be5c6594a63cf669dd553cc607503a743e6fb7e3f79"},
    {file = "igraph-0.11.2-cp38-cp38-win_amd64.whl", hash = "sha256:91fe206843e683d078235750f1183a877d94c80c4902fa17513457a6e1385c87"},
    {file = "igraph-0.11.2-cp39-abi3-macosx_10_9_x86_64.whl", hash = "sha256:3617a7b71b2e6c8b69a1b0756863334d9ac5a4d82ae8f1937447f53daa0f23a3"},
    {file = "igraph-0.11.2-cp39-abi3-macosx_11_0_arm64.whl", hash = "sha256:fb1f550de12b7bbc066822550dca46c36cbbac0a5d6fa67dceb3c2db333a9d53"},
    {file = "igraph-0.11.2-cp39-abi3-manylinux_2_17_aarch64.manylinux2014_aarch64.whl", hash = "sha256:f9213390d35b08d782512bf4371c7cdb48cf6704f6e24bc5867ba5efe9cde219"},
    {file = "igraph-0.11.2-cp39-abi3-manylinux_2_17_i686.manylinux2014_i686.whl", hash = "sha256:d63d2466306877a127555784d853d33e11bb6c5f899c7db0a1a64bed17595733"},
    {file = "igraph-0.11.2-cp39-abi3-manylinux_2_17_x86_64.manylinux2014_x86_64.whl", hash = "sha256:d5ee654859295829ca0f197d1e4307e746cbfc9ba6d205927258a1bbfa0e3ae9"},
    {file = "igraph-0.11.2-cp39-abi3-musllinux_1_1_aarch64.whl", hash = "sha256:8a0aef00585feca895ed46e9a3ff997d707d625624791db3da1961bc55b930be"},
    {file = "igraph-0.11.2-cp39-abi3-musllinux_1_1_i686.whl", hash = "sha256:9dbf86ebb29593bbc8bc44112914ea58d56e704898841264521558b60b72c805"},
    {file = "igraph-0.11.2-cp39-abi3-musllinux_1_1_x86_64.whl", hash = "sha256:9d4ec02ab004b4bee1880f8c6e14cf8b36fd754f090c5150c698dfd5a3c65e5e"},
    {file = "igraph-0.11.2-cp39-abi3-win32.whl", hash = "sha256:66e46cda1109f380c682b2078b9966f9e9f4d34a89d5b5413190c91a1a166f4d"},
    {file = "igraph-0.11.2-cp39-abi3-win_amd64.whl", hash = "sha256:76f0b8aa232e836e5bcdf8993360e8fec186c2bdbd02d6219607331329b3cf0e"},
    {file = "igraph-0.11.2-pp310-pypy310_pp73-macosx_10_9_x86_64.whl", hash = "sha256:4a3095b37fca31844df36fcbefb25c0af3e2c17af9745662eab3df3a135d1461"},
    {file = "igraph-0.11.2-pp310-pypy310_pp73-manylinux_2_17_aarch64.manylinux2014_aarch64.whl", hash = "sha256:ffad256ab77f5470c66fe6672a6a5f598a24a4ccdf42cc86961dde4192472a1b"},
    {file = "igraph-0.11.2-pp310-pypy310_pp73-manylinux_2_17_i686.manylinux2014_i686.whl", hash = "sha256:6a2e25c846ed77225f79060615d1eeb21ee9261b76e022e461a5df24672de8ab"},
    {file = "igraph-0.11.2-pp310-pypy310_pp73-manylinux_2_17_x86_64.manylinux2014_x86_64.whl", hash = "sha256:b2ee411aa7fc5d4b25419ebd774c90007e0c0b3aac0ac1d7acfc630cba699031"},
    {file = "igraph-0.11.2-pp310-pypy310_pp73-win_amd64.whl", hash = "sha256:5a121844ef80d6871c59c0255bbb42f30d02a271b2144ade7d968c59adf1d863"},
    {file = "igraph-0.11.2-pp38-pypy38_pp73-macosx_10_9_x86_64.whl", hash = "sha256:895e60efae570c9530e3310224674b6263bbf00b25d1513946cb21679d15cd05"},
    {file = "igraph-0.11.2-pp38-pypy38_pp73-manylinux_2_17_aarch64.manylinux2014_aarch64.whl", hash = "sha256:ccc7c054c7358aeab14c31d2642fc3a4df41dff7e0fabddb000bc7ea6e6dbe79"},
    {file = "igraph-0.11.2-pp38-pypy38_pp73-manylinux_2_17_i686.manylinux2014_i686.whl", hash = "sha256:4e53f829fe19f2bbf3ae4fa115200f4052f37bf07238930803a47f2c8999193d"},
    {file = "igraph-0.11.2-pp38-pypy38_pp73-manylinux_2_17_x86_64.manylinux2014_x86_64.whl", hash = "sha256:b5546dfa0086814684862cc98d148aa9f720fd7d4341ddf0176843f279eb16b1"},
    {file = "igraph-0.11.2-pp38-pypy38_pp73-win_amd64.whl", hash = "sha256:eca7b1f54c1cb007ef21b34e4555c619b29589687f9c2376402faae11386d030"},
    {file = "igraph-0.11.2-pp39-pypy39_pp73-macosx_10_9_x86_64.whl", hash = "sha256:29499972778b17cb3a0953bc055ec8c6d6f97e96c2eeba02c87e47c4b0ab67d0"},
    {file = "igraph-0.11.2-pp39-pypy39_pp73-manylinux_2_17_aarch64.manylinux2014_aarch64.whl", hash = "sha256:63c32a703109b4a6d4c798447faca462bd08b39f1a7e58510ec5807e354fff2f"},
    {file = "igraph-0.11.2-pp39-pypy39_pp73-manylinux_2_17_i686.manylinux2014_i686.whl", hash = "sha256:8c9248617a79e00e688cddd98cfb3f3ab69ce9a9585a94388d96dd252aa3e557"},
    {file = "igraph-0.11.2-pp39-pypy39_pp73-manylinux_2_17_x86_64.manylinux2014_x86_64.whl", hash = "sha256:33a8e2aab6494f7578a49b10d2b614afbb18ed86a6300b823cb8dceabc9a9cfb"},
    {file = "igraph-0.11.2-pp39-pypy39_pp73-win_amd64.whl", hash = "sha256:3c2b558092a08dfd545cc18e6a318f23d974267f500c7c5440b9e3bdcb27b433"},
    {file = "igraph-0.11.2.tar.gz", hash = "sha256:c4053e47156d7685ad48bd72e6ff400d46b09deeebc746b96b5cf9737939fa2d"},
]

[package.dependencies]
texttable = ">=1.6.2"

[package.extras]
cairo = ["cairocffi (>=1.2.0)"]
doc = ["Sphinx (>=7.0.0)", "pydoctor (>=23.4.0)", "sphinx-gallery (>=0.14.0)", "sphinx-rtd-theme (>=1.3.0)"]
matplotlib = ["matplotlib (>=3.6.0)"]
plotly = ["plotly (>=5.3.0)"]
plotting = ["cairocffi (>=1.2.0)"]
test = ["Pillow (>=9)", "cairocffi (>=1.2.0)", "matplotlib (>=3.6.0)", "networkx (>=2.5)", "numpy (>=1.19.0)", "pandas (>=1.1.0)", "plotly (>=5.3.0)", "pytest (>=7.0.1)", "pytest-timeout (>=2.1.0)", "scipy (>=1.5.0)"]
test-musl = ["cairocffi (>=1.2.0)", "networkx (>=2.5)", "pytest (>=7.0.1)", "pytest-timeout (>=2.1.0)"]

[[package]]
name = "moderngl"
version = "5.8.2"
description = "ModernGL: High performance rendering for Python 3"
optional = false
python-versions = "*"
files = [
    {file = "moderngl-5.8.2-cp310-cp310-macosx_10_9_universal2.whl", hash = "sha256:3012c38b882985aa1140196ba157b8d5a625add0ee0761c3c2937505b1365675"},
    {file = "moderngl-5.8.2-cp310-cp310-macosx_10_9_x86_64.whl", hash = "sha256:f140f9d9f5f11fc2a7b41324dd7bcf88c1fc9576d5b21f78b42707d835583be9"},
    {file = "moderngl-5.8.2-cp310-cp310-manylinux_2_17_aarch64.manylinux2014_aarch64.whl", hash = "sha256:bbb23f67bd1bb0babd67246330137bd4b9fd49557fa5ae402305685a48df3d6d"},
    {file = "moderngl-5.8.2-cp310-cp310-manylinux_2_17_x86_64.manylinux2014_x86_64.whl", hash = "sha256:c5e92e1c8af12fdf3f5fb1923412632887aa3002bdb23d46a3ff564b93cc002c"},
    {file = "moderngl-5.8.2-cp310-cp310-manylinux_2_5_i686.manylinux1_i686.manylinux_2_17_i686.manylinux2014_i686.whl", hash = "sha256:8227c2986e2ce9a76314fa6271d72749e37831fa3031d0db1eccb7fcfd027f08"},
    {file = "moderngl-5.8.2-cp310-cp310-win32.whl", hash = "sha256:df3c541ef9322fafebc113924a5034bb0fb3ac4afab9bd72cc6798795edbfd18"},
    {file = "moderngl-5.8.2-cp310-cp310-win_amd64.whl", hash = "sha256:5d3fd68011186a30ab4bbcdeb5348a5bce579cbef0e849944ca875d0be70f0c2"},
    {file = "moderngl-5.8.2-cp311-cp311-macosx_10_9_universal2.whl", hash = "sha256:d51c2d31decab2f3a534c04d2dfda631d9a2efc79ddb36d75e4b50747fc134f2"},
    {file = "moderngl-5.8.2-cp311-cp311-macosx_10_9_x86_64.whl", hash = "sha256:affffa368aea60fd5df0edff10d6923f74cd3f9fd7893675fe7c7bfe73517b7b"},
    {file = "moderngl-5.8.2-cp311-cp311-manylinux_2_17_aarch64.manylinux2014_aarch64.whl", hash = "sha256:a7e9220ce5447e050adaaea42abf2b48e3eae4cc4a2fc07a3827239c067c5c68"},
    {file = "moderngl-5.8.2-cp311-cp311-manylinux_2_17_x86_64.manylinux2014_x86_64.whl", hash = "sha256:310db1cc52dbcc211d957f27ca9d14f3e474657eb2d5670f03adf9221c9b1647"},
    {file = "moderngl-5.8.2-cp311-cp311-manylinux_2_5_i686.manylinux1_i686.manylinux_2_17_i686.manylinux2014_i686.whl", hash = "sha256:bcd7de06efafa9e4cef63c942e886586fd25076867d46511aaf5aa478317c2f3"},
    {file = "moderngl-5.8.2-cp311-cp311-win32.whl", hash = "sha256:b5e7d98c5bd5e840c9667cf1817c01809b83beb8f8b83c6e76bf85f10dc99b63"},
    {file = "moderngl-5.8.2-cp311-cp311-win_amd64.whl", hash = "sha256:279486e143eb849fcab126e3ef3a1a0353bbbdb1d27a13c76335cf4ae14b2827"},
    {file = "moderngl-5.8.2-cp37-cp37m-macosx_10_9_x86_64.whl", hash = "sha256:a37db97c20e942ec20281d320c50f8ea006d5ac4797998484a7f8fdfe9e0129b"},
    {file = "moderngl-5.8.2-cp37-cp37m-manylinux_2_17_aarch64.manylinux2014_aarch64.whl", hash = "sha256:50313b30b744c59c07a01b63ecd4efd57488ad70ece4296d8669cac6ec1f634d"},
    {file = "moderngl-5.8.2-cp37-cp37m-manylinux_2_17_x86_64.manylinux2014_x86_64.whl", hash = "sha256:60ad02423ecc434433aa63ec0d8adbef94432e88a87ebf0853336dc3677c645e"},
    {file = "moderngl-5.8.2-cp37-cp37m-manylinux_2_5_i686.manylinux1_i686.manylinux_2_17_i686.manylinux2014_i686.whl", hash = "sha256:651f450ac4520cb24161096f0bcfaf10820743d48e231cf0a27a8ff4e036c450"},
    {file = "moderngl-5.8.2-cp37-cp37m-win32.whl", hash = "sha256:88e9500293f02220d9613beb852242507de34b29639427a3b113be38941458fe"},
    {file = "moderngl-5.8.2-cp37-cp37m-win_amd64.whl", hash = "sha256:ab9d969cbed50d7f86c6da8252b4a7adc53d033a24a281cd4b00221b1b26faf2"},
    {file = "moderngl-5.8.2-cp38-cp38-macosx_10_9_universal2.whl", hash = "sha256:4a16916facea2351b70db73226cef1545c43f3431d9861a7b467208898b82a0f"},
    {file = "moderngl-5.8.2-cp38-cp38-macosx_10_9_x86_64.whl", hash = "sha256:a994da9d8cf3f5d9f549b02f9b9bfaeb0ce20c17e5acaa8b9737795d1bf62a28"},
    {file = "moderngl-5.8.2-cp38-cp38-manylinux_2_17_aarch64.manylinux2014_aarch64.whl", hash = "sha256:b8079fcf1a8e4df24ab2313165cc77721c7676a1c68b2e48a890d283525f6858"},
    {file = "moderngl-5.8.2-cp38-cp38-manylinux_2_17_x86_64.manylinux2014_x86_64.whl", hash = "sha256:f066d9b0e743bb60e3dfa540214b4fe19c5d25f3ab7dd4f61c36fb00854fa502"},
    {file = "moderngl-5.8.2-cp38-cp38-manylinux_2_5_i686.manylinux1_i686.manylinux_2_17_i686.manylinux2014_i686.whl", hash = "sha256:7b9b6efe0cecb182e07f0424b9d33a969f85e39f9e6eff2d5fb05e8e9ff67750"},
    {file = "moderngl-5.8.2-cp38-cp38-win32.whl", hash = "sha256:a135faa1be35346a258bd59daf5307b763e4f20e32ecdd69fc0d84e5bb48adfc"},
    {file = "moderngl-5.8.2-cp38-cp38-win_amd64.whl", hash = "sha256:56b73042fb5593158b6935757c75c695673a46b74136c03c88c16af25628d998"},
    {file = "moderngl-5.8.2-cp39-cp39-macosx_10_9_universal2.whl", hash = "sha256:7400876b5ef3eb12f0e0374c48b881dd44f8aef4b3d901ffe508213949d62d0a"},
    {file = "moderngl-5.8.2-cp39-cp39-macosx_10_9_x86_64.whl", hash = "sha256:e4fc84269d26731832303c1904bd33e4692a648b26e97661c8455e4fdfc6bd17"},
    {file = "moderngl-5.8.2-cp39-cp39-manylinux_2_17_aarch64.manylinux2014_aarch64.whl", hash = "sha256:9f5b909dd73a30235989685bf83e8a5b2dad435ce576669a6731bf6659076f4b"},
    {file = "moderngl-5.8.2-cp39-cp39-manylinux_2_17_x86_64.manylinux2014_x86_64.whl", hash = "sha256:5d8ffeb7b30d001f8495f7efbcdf39a07185ad94e7f843133ce991b459d47ba6"},
    {file = "moderngl-5.8.2-cp39-cp39-manylinux_2_5_i686.manylinux1_i686.manylinux_2_17_i686.manylinux2014_i686.whl", hash = "sha256:3ebc9016a0849edc4654e4d1935748ca2dc72427ea678aa7fc166d449e0c1db2"},
    {file = "moderngl-5.8.2-cp39-cp39-win32.whl", hash = "sha256:9f19b0c201c5c2739358a68c12f0502424ed76659edaba4ea20760fc9b71d2fa"},
    {file = "moderngl-5.8.2-cp39-cp39-win_amd64.whl", hash = "sha256:7ff301371e91dd39486c8d52a27934cc04ca3da6da16613255d3a6b69e89e621"},
    {file = "moderngl-5.8.2-pp37-pypy37_pp73-macosx_10_9_x86_64.whl", hash = "sha256:67918bbc43b2f7aa37d72ba1ed2dd506d993aed8d62d9771caaf541607bd7402"},
    {file = "moderngl-5.8.2-pp37-pypy37_pp73-manylinux_2_17_aarch64.manylinux2014_aarch64.whl", hash = "sha256:841d8e056f188d03ab02268f96368f570c72a91ed01f8fa43e83ecbcaf80bf06"},
    {file = "moderngl-5.8.2-pp37-pypy37_pp73-manylinux_2_17_x86_64.manylinux2014_x86_64.whl", hash = "sha256:1ce40fb73f80c1f09f4a095adda341fdaf1b3043f219fbfe44a9da81577dde7e"},
    {file = "moderngl-5.8.2-pp37-pypy37_pp73-manylinux_2_5_i686.manylinux1_i686.manylinux_2_17_i686.manylinux2014_i686.whl", hash = "sha256:3a850968d417fb62eb26922d2158a6748b90088db948c9499dc05cd616a845d9"},
    {file = "moderngl-5.8.2-pp37-pypy37_pp73-win_amd64.whl", hash = "sha256:e2e6378212c18b82503c82555644a12bb9087215c8ae783b655a1f3ade403285"},
    {file = "moderngl-5.8.2-pp38-pypy38_pp73-macosx_10_9_x86_64.whl", hash = "sha256:96433f592a6a113a2cd236f00a306f43059580ec5109553e0f0044decd61fe0c"},
    {file = "moderngl-5.8.2-pp38-pypy38_pp73-manylinux_2_17_aarch64.manylinux2014_aarch64.whl", hash = "sha256:670682ad734dacb501685c62d958a849a856d01ebb6cafb639d6549e7ca4d39a"},
    {file = "moderngl-5.8.2-pp38-pypy38_pp73-manylinux_2_17_x86_64.manylinux2014_x86_64.whl", hash = "sha256:2e2205402a8d0792efc380e68cb1a11218c09454e6d8d1d95fda0becb2d36a5a"},
    {file = "moderngl-5.8.2-pp38-pypy38_pp73-manylinux_2_5_i686.manylinux1_i686.manylinux_2_17_i686.manylinux2014_i686.whl", hash = "sha256:d7362808ab3ef32b95b534de6be20f09eee23f047954dd01d3d2433faf1f0725"},
    {file = "moderngl-5.8.2-pp38-pypy38_pp73-win_amd64.whl", hash = "sha256:cc3ed59322867afbc9edf4d96deb619e1e13bb7ef8bfc778b10adbd117f8af9b"},
    {file = "moderngl-5.8.2-pp39-pypy39_pp73-macosx_10_9_x86_64.whl", hash = "sha256:d0d9fa90957c382ebbc7011ffc29807ae914e64f2d519d974b87e583d6c07188"},
    {file = "moderngl-5.8.2-pp39-pypy39_pp73-manylinux_2_17_aarch64.manylinux2014_aarch64.whl", hash = "sha256:3366be15c5aaa841239091dfa2c86c6acb09b67fa2a86552f8b4f59c0e9dae55"},
    {file = "moderngl-5.8.2-pp39-pypy39_pp73-manylinux_2_17_x86_64.manylinux2014_x86_64.whl", hash = "sha256:8094f14072e102272f31617b219b601dd15e5117047ba33508014f9a40b7188a"},
    {file = "moderngl-5.8.2-pp39-pypy39_pp73-manylinux_2_5_i686.manylinux1_i686.manylinux_2_17_i686.manylinux2014_i686.whl", hash = "sha256:a5e25f34e3b6916f6394b3a7f10fa443a901662ecfb01c623ed9c7f87a660ed9"},
    {file = "moderngl-5.8.2-pp39-pypy39_pp73-win_amd64.whl", hash = "sha256:2d572b3e8243e63efbb85bb6a90dfffe84a8d57233ff7e03cad44023a414678f"},
    {file = "moderngl-5.8.2.tar.gz", hash = "sha256:b66c18d7f4ab7a94be3f9eb9e4ca6836ead1da502d62e81b7f7a48150e2ed391"},
]

[package.dependencies]
glcontext = ">=2.3.6,<3"

[[package]]
name = "pycparser"
version = "2.21"
description = "C parser in Python"
optional = false
python-versions = ">=2.7, !=3.0.*, !=3.1.*, !=3.2.*, !=3.3.*"
files = [
    {file = "pycparser-2.21-py2.py3-none-any.whl", hash = "sha256:8ee45429555515e1f6b185e78100aea234072576aa43ab53aefcae078162fca9"},
    {file = "pycparser-2.21.tar.gz", hash = "sha256:e644fdec12f7872f86c58ff790da456218b10f863970249516d60a5eaca77206"},
]

[[package]]
name = "texttable"
version = "1.7.0"
description = "module to create simple ASCII tables"
optional = false
python-versions = "*"
files = [
    {file = "texttable-1.7.0-py2.py3-none-any.whl", hash = "sha256:72227d592c82b3d7f672731ae73e4d1f88cd8e2ef5b075a7a7f01a23a3743917"},
    {file = "texttable-1.7.0.tar.gz", hash = "sha256:2d2068fb55115807d3ac77a4ca68fa48803e84ebb0ee2340f858107a36522638"},
]

[metadata]
lock-version = "2.0"
python-versions = "^3.10"
content-hash = "38ee5023a9bb361d97202e9f5388a553a352d4021f539456ef217f4998cf21c7"
